
Microsoft Visual Studio Solution File, Format Version 12.00
# Visual Studio 15
VisualStudioVersion = 15.0.26124.0
MinimumVisualStudioVersion = 15.0.26124.0
Project("{FAE04EC0-301F-11D3-BF4B-00C04F79EFBC}") = "Jobcard.Web", "Jobcard.Web\Jobcard.Web.csproj", "{56B88B65-0684-4F83-8226-38C19EABA753}"
EndProject
Project("{FAE04EC0-301F-11D3-BF4B-00C04F79EFBC}") = "Jobcard.Web.Tests", "Jobcard.Web.Tests\Jobcard.Web.Tests.csproj", "{BFC28AB1-738C-4557-A734-D0F0ECE6554E}"
EndProject
Global
	GlobalSection(SolutionConfigurationPlatforms) = preSolution
		Debug|Any CPU = Debug|Any CPU
		Debug|x64 = Debug|x64
		Debug|x86 = Debug|x86
		Release|Any CPU = Release|Any CPU
		Release|x64 = Release|x64
		Release|x86 = Release|x86
	EndGlobalSection
	GlobalSection(SolutionProperties) = preSolution
		HideSolutionNode = FALSE
	EndGlobalSection
	GlobalSection(ProjectConfigurationPlatforms) = postSolution
		{56B88B65-0684-4F83-8226-38C19EABA753}.Debug|Any CPU.ActiveCfg = Debug|Any CPU
		{56B88B65-0684-4F83-8226-38C19EABA753}.Debug|Any CPU.Build.0 = Debug|Any CPU
		{56B88B65-0684-4F83-8226-38C19EABA753}.Debug|x64.ActiveCfg = Debug|Any CPU
		{56B88B65-0684-4F83-8226-38C19EABA753}.Debug|x64.Build.0 = Debug|Any CPU
		{56B88B65-0684-4F83-8226-38C19EABA753}.Debug|x86.ActiveCfg = Debug|Any CPU
		{56B88B65-0684-4F83-8226-38C19EABA753}.Debug|x86.Build.0 = Debug|Any CPU
		{56B88B65-0684-4F83-8226-38C19EABA753}.Release|Any CPU.ActiveCfg = Release|Any CPU
		{56B88B65-0684-4F83-8226-38C19EABA753}.Release|Any CPU.Build.0 = Release|Any CPU
		{56B88B65-0684-4F83-8226-38C19EABA753}.Release|x64.ActiveCfg = Release|Any CPU
		{56B88B65-0684-4F83-8226-38C19EABA753}.Release|x64.Build.0 = Release|Any CPU
		{56B88B65-0684-4F83-8226-38C19EABA753}.Release|x86.ActiveCfg = Release|Any CPU
		{56B88B65-0684-4F83-8226-38C19EABA753}.Release|x86.Build.0 = Release|Any CPU
		{BFC28AB1-738C-4557-A734-D0F0ECE6554E}.Debug|Any CPU.ActiveCfg = Debug|Any CPU
		{BFC28AB1-738C-4557-A734-D0F0ECE6554E}.Debug|Any CPU.Build.0 = Debug|Any CPU
		{BFC28AB1-738C-4557-A734-D0F0ECE6554E}.Debug|x64.ActiveCfg = Debug|Any CPU
		{BFC28AB1-738C-4557-A734-D0F0ECE6554E}.Debug|x64.Build.0 = Debug|Any CPU
		{BFC28AB1-738C-4557-A734-D0F0ECE6554E}.Debug|x86.ActiveCfg = Debug|Any CPU
		{BFC28AB1-738C-4557-A734-D0F0ECE6554E}.Debug|x86.Build.0 = Debug|Any CPU
		{BFC28AB1-738C-4557-A734-D0F0ECE6554E}.Release|Any CPU.ActiveCfg = Release|Any CPU
		{BFC28AB1-738C-4557-A734-D0F0ECE6554E}.Release|Any CPU.Build.0 = Release|Any CPU
		{BFC28AB1-738C-4557-A734-D0F0ECE6554E}.Release|x64.ActiveCfg = Release|Any CPU
		{BFC28AB1-738C-4557-A734-D0F0ECE6554E}.Release|x64.Build.0 = Release|Any CPU
		{BFC28AB1-738C-4557-A734-D0F0ECE6554E}.Release|x86.ActiveCfg = Release|Any CPU
		{BFC28AB1-738C-4557-A734-D0F0ECE6554E}.Release|x86.Build.0 = Release|Any CPU
	EndGlobalSection
EndGlobal
